
Microsoft Visual Studio Solution File, Format Version 12.00
# Visual Studio Version 17
VisualStudioVersion = 17.8.34330.188
MinimumVisualStudioVersion = 10.0.40219.1
Project("{FAE04EC0-301F-11D3-BF4B-00C04F79EFBC}") = "MyDiscordBot", "MyDiscordBot.csproj", "{D483EAD3-C39A-48EE-8FAF-77BCEF38608D}"
EndProject
Global
	GlobalSection(SolutionConfigurationPlatforms) = preSolution
		Debug|Any CPU = Debug|Any CPU
		Release|Any CPU = Release|Any CPU
	EndGlobalSection
	GlobalSection(ProjectConfigurationPlatforms) = postSolution
		{D483EAD3-C39A-48EE-8FAF-77BCEF38608D}.Debug|Any CPU.ActiveCfg = Debug|Any CPU
		{D483EAD3-C39A-48EE-8FAF-77BCEF38608D}.Debug|Any CPU.Build.0 = Debug|Any CPU
		{D483EAD3-C39A-48EE-8FAF-77BCEF38608D}.Release|Any CPU.ActiveCfg = Release|Any CPU
		{D483EAD3-C39A-48EE-8FAF-77BCEF38608D}.Release|Any CPU.Build.0 = Release|Any CPU
	EndGlobalSection
	GlobalSection(SolutionProperties) = preSolution
		HideSolutionNode = FALSE
	EndGlobalSection
	GlobalSection(ExtensibilityGlobals) = postSolution
		SolutionGuid = {550BBEE7-CDC9-4FFE-A120-E257C7175845}
	EndGlobalSection
EndGlobal
